// !$*UTF8*$!
{
	archiveVersion = 1;
	classes = {
	};
	objectVersion = 56;
	objects = {

/* Begin PBXBuildFile section */
		02F7FA658269727B0A805486 /* Pods_ToDo_list.framework in Frameworks */ = {isa = PBXBuildFile; fileRef = A9553CB3F43D5ADCD5DE4B16 /* Pods_ToDo_list.framework */; };
		851A36152A90D1C700C471BC /* CategoryViewController.swift in Sources */ = {isa = PBXBuildFile; fileRef = 851A36142A90D1C700C471BC /* CategoryViewController.swift */; };
		857FDD8A2AB1EBFB00E5E838 /* SwipeCellKit in Frameworks */ = {isa = PBXBuildFile; productRef = 857FDD892AB1EBFB00E5E838 /* SwipeCellKit */; };
		857FDD8C2AB328FF00E5E838 /* SwipeTableViewController.swift in Sources */ = {isa = PBXBuildFile; fileRef = 857FDD8B2AB328FF00E5E838 /* SwipeTableViewController.swift */; };
		859C96852A810133008863F0 /* AppDelegate.swift in Sources */ = {isa = PBXBuildFile; fileRef = 859C96842A810133008863F0 /* AppDelegate.swift */; };
		859C96872A810133008863F0 /* SceneDelegate.swift in Sources */ = {isa = PBXBuildFile; fileRef = 859C96862A810133008863F0 /* SceneDelegate.swift */; };
		859C96892A810133008863F0 /* TodoListViewController.swift in Sources */ = {isa = PBXBuildFile; fileRef = 859C96882A810133008863F0 /* TodoListViewController.swift */; };
		859C968C2A810133008863F0 /* Main.storyboard in Resources */ = {isa = PBXBuildFile; fileRef = 859C968A2A810133008863F0 /* Main.storyboard */; };
		859C96912A810134008863F0 /* Assets.xcassets in Resources */ = {isa = PBXBuildFile; fileRef = 859C96902A810134008863F0 /* Assets.xcassets */; };
		859C96942A810134008863F0 /* LaunchScreen.storyboard in Resources */ = {isa = PBXBuildFile; fileRef = 859C96922A810134008863F0 /* LaunchScreen.storyboard */; };
		85E3F4162A9390AB008D0405 /* Item.swift in Sources */ = {isa = PBXBuildFile; fileRef = 85E3F4152A9390AB008D0405 /* Item.swift */; };
		85E3F4182A9390B9008D0405 /* Category.swift in Sources */ = {isa = PBXBuildFile; fileRef = 85E3F4172A9390B9008D0405 /* Category.swift */; };
/* End PBXBuildFile section */

/* Begin PBXFileReference section */
		7336C5F20FFCB855F17C2877 /* Pods-ToDo list.release.xcconfig */ = {isa = PBXFileReference; includeInIndex = 1; lastKnownFileType = text.xcconfig; name = "Pods-ToDo list.release.xcconfig"; path = "Target Support Files/Pods-ToDo list/Pods-ToDo list.release.xcconfig"; sourceTree = "<group>"; };
		851A36142A90D1C700C471BC /* CategoryViewController.swift */ = {isa = PBXFileReference; lastKnownFileType = sourcecode.swift; path = CategoryViewController.swift; sourceTree = "<group>"; };
		857FDD8B2AB328FF00E5E838 /* SwipeTableViewController.swift */ = {isa = PBXFileReference; lastKnownFileType = sourcecode.swift; path = SwipeTableViewController.swift; sourceTree = "<group>"; };
		859C96812A810133008863F0 /* ToDo list.app */ = {isa = PBXFileReference; explicitFileType = wrapper.application; includeInIndex = 0; path = "ToDo list.app"; sourceTree = BUILT_PRODUCTS_DIR; };
		859C96842A810133008863F0 /* AppDelegate.swift */ = {isa = PBXFileReference; lastKnownFileType = sourcecode.swift; path = AppDelegate.swift; sourceTree = "<group>"; };
		859C96862A810133008863F0 /* SceneDelegate.swift */ = {isa = PBXFileReference; lastKnownFileType = sourcecode.swift; path = SceneDelegate.swift; sourceTree = "<group>"; };
		859C96882A810133008863F0 /* TodoListViewController.swift */ = {isa = PBXFileReference; lastKnownFileType = sourcecode.swift; path = TodoListViewController.swift; sourceTree = "<group>"; };
		859C968B2A810133008863F0 /* Base */ = {isa = PBXFileReference; lastKnownFileType = file.storyboard; name = Base; path = Base.lproj/Main.storyboard; sourceTree = "<group>"; };
		859C96902A810134008863F0 /* Assets.xcassets */ = {isa = PBXFileReference; lastKnownFileType = folder.assetcatalog; path = Assets.xcassets; sourceTree = "<group>"; };
		859C96932A810134008863F0 /* Base */ = {isa = PBXFileReference; lastKnownFileType = file.storyboard; name = Base; path = Base.lproj/LaunchScreen.storyboard; sourceTree = "<group>"; };
		859C96952A810134008863F0 /* Info.plist */ = {isa = PBXFileReference; lastKnownFileType = text.plist.xml; path = Info.plist; sourceTree = "<group>"; };
		85E3F4152A9390AB008D0405 /* Item.swift */ = {isa = PBXFileReference; lastKnownFileType = sourcecode.swift; path = Item.swift; sourceTree = "<group>"; };
		85E3F4172A9390B9008D0405 /* Category.swift */ = {isa = PBXFileReference; lastKnownFileType = sourcecode.swift; path = Category.swift; sourceTree = "<group>"; };
		A9553CB3F43D5ADCD5DE4B16 /* Pods_ToDo_list.framework */ = {isa = PBXFileReference; explicitFileType = wrapper.framework; includeInIndex = 0; path = Pods_ToDo_list.framework; sourceTree = BUILT_PRODUCTS_DIR; };
		AA6774DFEEC7C4539E1FE1F6 /* Pods-ToDo list.debug.xcconfig */ = {isa = PBXFileReference; includeInIndex = 1; lastKnownFileType = text.xcconfig; name = "Pods-ToDo list.debug.xcconfig"; path = "Target Support Files/Pods-ToDo list/Pods-ToDo list.debug.xcconfig"; sourceTree = "<group>"; };
/* End PBXFileReference section */

/* Begin PBXFrameworksBuildPhase section */
		859C967E2A810133008863F0 /* Frameworks */ = {
			isa = PBXFrameworksBuildPhase;
			buildActionMask = 2147483647;
			files = (
				857FDD8A2AB1EBFB00E5E838 /* SwipeCellKit in Frameworks */,
				02F7FA658269727B0A805486 /* Pods_ToDo_list.framework in Frameworks */,
			);
			runOnlyForDeploymentPostprocessing = 0;
		};
/* End PBXFrameworksBuildPhase section */

/* Begin PBXGroup section */
		1775B231D9F73C77EBEDEE6B /* Pods */ = {
			isa = PBXGroup;
			children = (
				AA6774DFEEC7C4539E1FE1F6 /* Pods-ToDo list.debug.xcconfig */,
				7336C5F20FFCB855F17C2877 /* Pods-ToDo list.release.xcconfig */,
			);
			path = Pods;
			sourceTree = "<group>";
		};
		851A36102A8A279800C471BC /* Data Model */ = {
			isa = PBXGroup;
			children = (
				85E3F4172A9390B9008D0405 /* Category.swift */,
				85E3F4152A9390AB008D0405 /* Item.swift */,
			);
			path = "Data Model";
			sourceTree = "<group>";
		};
		851A36112A8A27B100C471BC /* Controllers */ = {
			isa = PBXGroup;
			children = (
				851A36142A90D1C700C471BC /* CategoryViewController.swift */,
				859C96882A810133008863F0 /* TodoListViewController.swift */,
				857FDD8B2AB328FF00E5E838 /* SwipeTableViewController.swift */,
			);
			path = Controllers;
			sourceTree = "<group>";
		};
		851A36122A8A27B900C471BC /* Views */ = {
			isa = PBXGroup;
			children = (
				859C968A2A810133008863F0 /* Main.storyboard */,
			);
			path = Views;
			sourceTree = "<group>";
		};
		851A36132A8A27D800C471BC /* Supporting Files */ = {
			isa = PBXGroup;
			children = (
				859C96902A810134008863F0 /* Assets.xcassets */,
				859C96922A810134008863F0 /* LaunchScreen.storyboard */,
			);
			path = "Supporting Files";
			sourceTree = "<group>";
		};
		85241BDA6124B6F4B356FA3D /* Frameworks */ = {
			isa = PBXGroup;
			children = (
				A9553CB3F43D5ADCD5DE4B16 /* Pods_ToDo_list.framework */,
			);
			name = Frameworks;
			sourceTree = "<group>";
		};
		859C96782A810133008863F0 = {
			isa = PBXGroup;
			children = (
				859C96832A810133008863F0 /* ToDo list */,
				859C96822A810133008863F0 /* Products */,
				1775B231D9F73C77EBEDEE6B /* Pods */,
				85241BDA6124B6F4B356FA3D /* Frameworks */,
			);
			sourceTree = "<group>";
		};
		859C96822A810133008863F0 /* Products */ = {
			isa = PBXGroup;
			children = (
				859C96812A810133008863F0 /* ToDo list.app */,
			);
			name = Products;
			sourceTree = "<group>";
		};
		859C96832A810133008863F0 /* ToDo list */ = {
			isa = PBXGroup;
			children = (
				859C96842A810133008863F0 /* AppDelegate.swift */,
				859C96862A810133008863F0 /* SceneDelegate.swift */,
				851A36112A8A27B100C471BC /* Controllers */,
				851A36102A8A279800C471BC /* Data Model */,
				851A36122A8A27B900C471BC /* Views */,
				851A36132A8A27D800C471BC /* Supporting Files */,
				859C96952A810134008863F0 /* Info.plist */,
			);
			path = "ToDo list";
			sourceTree = "<group>";
		};
/* End PBXGroup section */

/* Begin PBXNativeTarget section */
		859C96802A810133008863F0 /* ToDo list */ = {
			isa = PBXNativeTarget;
			buildConfigurationList = 859C96982A810134008863F0 /* Build configuration list for PBXNativeTarget "ToDo list" */;
			buildPhases = (
				45F5B0A9A322F1F6E7319E78 /* [CP] Check Pods Manifest.lock */,
				859C967D2A810133008863F0 /* Sources */,
				859C967E2A810133008863F0 /* Frameworks */,
				859C967F2A810133008863F0 /* Resources */,
				40E48E5CA60C95D542123F37 /* [CP] Embed Pods Frameworks */,
			);
			buildRules = (
			);
			dependencies = (
			);
			name = "ToDo list";
			packageProductDependencies = (
				857FDD892AB1EBFB00E5E838 /* SwipeCellKit */,
			);
			productName = "ToDo list";
			productReference = 859C96812A810133008863F0 /* ToDo list.app */;
			productType = "com.apple.product-type.application";
		};
/* End PBXNativeTarget section */

/* Begin PBXProject section */
		859C96792A810133008863F0 /* Project object */ = {
			isa = PBXProject;
			attributes = {
				BuildIndependentTargetsInParallel = 1;
				LastSwiftUpdateCheck = 1420;
				LastUpgradeCheck = 1420;
				TargetAttributes = {
					859C96802A810133008863F0 = {
						CreatedOnToolsVersion = 14.2;
					};
				};
			};
			buildConfigurationList = 859C967C2A810133008863F0 /* Build configuration list for PBXProject "ToDo list" */;
			compatibilityVersion = "Xcode 14.0";
			developmentRegion = en;
			hasScannedForEncodings = 0;
			knownRegions = (
				en,
				Base,
			);
			mainGroup = 859C96782A810133008863F0;
			packageReferences = (
				857FDD882AB1EBFB00E5E838 /* XCRemoteSwiftPackageReference "SwipeCellKit" */,
			);
			productRefGroup = 859C96822A810133008863F0 /* Products */;
			projectDirPath = "";
			projectRoot = "";
			targets = (
				859C96802A810133008863F0 /* ToDo list */,
			);
		};
/* End PBXProject section */

/* Begin PBXResourcesBuildPhase section */
		859C967F2A810133008863F0 /* Resources */ = {
			isa = PBXResourcesBuildPhase;
			buildActionMask = 2147483647;
			files = (
				859C96942A810134008863F0 /* LaunchScreen.storyboard in Resources */,
				859C96912A810134008863F0 /* Assets.xcassets in Resources */,
				859C968C2A810133008863F0 /* Main.storyboard in Resources */,
			);
			runOnlyForDeploymentPostprocessing = 0;
		};
/* End PBXResourcesBuildPhase section */

/* Begin PBXShellScriptBuildPhase section */
		40E48E5CA60C95D542123F37 /* [CP] Embed Pods Frameworks */ = {
			isa = PBXShellScriptBuildPhase;
			buildActionMask = 2147483647;
			files = (
			);
			inputFileListPaths = (
				"${PODS_ROOT}/Target Support Files/Pods-ToDo list/Pods-ToDo list-frameworks-${CONFIGURATION}-input-files.xcfilelist",
			);
			name = "[CP] Embed Pods Frameworks";
			outputFileListPaths = (
				"${PODS_ROOT}/Target Support Files/Pods-ToDo list/Pods-ToDo list-frameworks-${CONFIGURATION}-output-files.xcfilelist",
			);
			runOnlyForDeploymentPostprocessing = 0;
			shellPath = /bin/sh;
			shellScript = "\"${PODS_ROOT}/Target Support Files/Pods-ToDo list/Pods-ToDo list-frameworks.sh\"\n";
			showEnvVarsInLog = 0;
		};
		45F5B0A9A322F1F6E7319E78 /* [CP] Check Pods Manifest.lock */ = {
			isa = PBXShellScriptBuildPhase;
			buildActionMask = 2147483647;
			files = (
			);
			inputFileListPaths = (
			);
			inputPaths = (
				"${PODS_PODFILE_DIR_PATH}/Podfile.lock",
				"${PODS_ROOT}/Manifest.lock",
			);
			name = "[CP] Check Pods Manifest.lock";
			outputFileListPaths = (
			);
			outputPaths = (
				"$(DERIVED_FILE_DIR)/Pods-ToDo list-checkManifestLockResult.txt",
			);
			runOnlyForDeploymentPostprocessing = 0;
			shellPath = /bin/sh;
			shellScript = "diff \"${PODS_PODFILE_DIR_PATH}/Podfile.lock\" \"${PODS_ROOT}/Manifest.lock\" > /dev/null\nif [ $? != 0 ] ; then\n    # print error to STDERR\n    echo \"error: The sandbox is not in sync with the Podfile.lock. Run 'pod install' or update your CocoaPods installation.\" >&2\n    exit 1\nfi\n# This output is used by Xcode 'outputs' to avoid re-running this script phase.\necho \"SUCCESS\" > \"${SCRIPT_OUTPUT_FILE_0}\"\n";
			showEnvVarsInLog = 0;
		};
/* End PBXShellScriptBuildPhase section */

/* Begin PBXSourcesBuildPhase section */
		859C967D2A810133008863F0 /* Sources */ = {
			isa = PBXSourcesBuildPhase;
			buildActionMask = 2147483647;
			files = (
				851A36152A90D1C700C471BC /* CategoryViewController.swift in Sources */,
				859C96892A810133008863F0 /* TodoListViewController.swift in Sources */,
				859C96852A810133008863F0 /* AppDelegate.swift in Sources */,
				857FDD8C2AB328FF00E5E838 /* SwipeTableViewController.swift in Sources */,
				859C96872A810133008863F0 /* SceneDelegate.swift in Sources */,
				85E3F4162A9390AB008D0405 /* Item.swift in Sources */,
				85E3F4182A9390B9008D0405 /* Category.swift in Sources */,
			);
			runOnlyForDeploymentPostprocessing = 0;
		};
/* End PBXSourcesBuildPhase section */

/* Begin PBXVariantGroup section */
		859C968A2A810133008863F0 /* Main.storyboard */ = {
			isa = PBXVariantGroup;
			children = (
				859C968B2A810133008863F0 /* Base */,
			);
			name = Main.storyboard;
			sourceTree = "<group>";
		};
		859C96922A810134008863F0 /* LaunchScreen.storyboard */ = {
			isa = PBXVariantGroup;
			children = (
				859C96932A810134008863F0 /* Base */,
			);
			name = LaunchScreen.storyboard;
			sourceTree = "<group>";
		};
/* End PBXVariantGroup section */

/* Begin XCBuildConfiguration section */
		859C96962A810134008863F0 /* Debug */ = {
			isa = XCBuildConfiguration;
			buildSettings = {
				ALWAYS_SEARCH_USER_PATHS = NO;
				CLANG_ANALYZER_NONNULL = YES;
				CLANG_ANALYZER_NUMBER_OBJECT_CONVERSION = YES_AGGRESSIVE;
				CLANG_CXX_LANGUAGE_STANDARD = "gnu++20";
				CLANG_ENABLE_MODULES = YES;
				CLANG_ENABLE_OBJC_ARC = YES;
				CLANG_ENABLE_OBJC_WEAK = YES;
				CLANG_WARN_BLOCK_CAPTURE_AUTORELEASING = YES;
				CLANG_WARN_BOOL_CONVERSION = YES;
				CLANG_WARN_COMMA = YES;
				CLANG_WARN_CONSTANT_CONVERSION = YES;
				CLANG_WARN_DEPRECATED_OBJC_IMPLEMENTATIONS = YES;
				CLANG_WARN_DIRECT_OBJC_ISA_USAGE = YES_ERROR;
				CLANG_WARN_DOCUMENTATION_COMMENTS = YES;
				CLANG_WARN_EMPTY_BODY = YES;
				CLANG_WARN_ENUM_CONVERSION = YES;
				CLANG_WARN_INFINITE_RECURSION = YES;
				CLANG_WARN_INT_CONVERSION = YES;
				CLANG_WARN_NON_LITERAL_NULL_CONVERSION = YES;
				CLANG_WARN_OBJC_IMPLICIT_RETAIN_SELF = YES;
				CLANG_WARN_OBJC_LITERAL_CONVERSION = YES;
				CLANG_WARN_OBJC_ROOT_CLASS = YES_ERROR;
				CLANG_WARN_QUOTED_INCLUDE_IN_FRAMEWORK_HEADER = YES;
				CLANG_WARN_RANGE_LOOP_ANALYSIS = YES;
				CLANG_WARN_STRICT_PROTOTYPES = YES;
				CLANG_WARN_SUSPICIOUS_MOVE = YES;
				CLANG_WARN_UNGUARDED_AVAILABILITY = YES_AGGRESSIVE;
				CLANG_WARN_UNREACHABLE_CODE = YES;
				CLANG_WARN__DUPLICATE_METHOD_MATCH = YES;
				COPY_PHASE_STRIP = NO;
				DEBUG_INFORMATION_FORMAT = dwarf;
				ENABLE_STRICT_OBJC_MSGSEND = YES;
				ENABLE_TESTABILITY = YES;
				GCC_C_LANGUAGE_STANDARD = gnu11;
				GCC_DYNAMIC_NO_PIC = NO;
				GCC_NO_COMMON_BLOCKS = YES;
				GCC_OPTIMIZATION_LEVEL = 0;
				GCC_PREPROCESSOR_DEFINITIONS = (
					"DEBUG=1",
					"$(inherited)",
				);
				GCC_WARN_64_TO_32_BIT_CONVERSION = YES;
				GCC_WARN_ABOUT_RETURN_TYPE = YES_ERROR;
				GCC_WARN_UNDECLARED_SELECTOR = YES;
				GCC_WARN_UNINITIALIZED_AUTOS = YES_AGGRESSIVE;
				GCC_WARN_UNUSED_FUNCTION = YES;
				GCC_WARN_UNUSED_VARIABLE = YES;
				IPHONEOS_DEPLOYMENT_TARGET = 16.2;
				MTL_ENABLE_DEBUG_INFO = INCLUDE_SOURCE;
				MTL_FAST_MATH = YES;
				ONLY_ACTIVE_ARCH = YES;
				SDKROOT = iphoneos;
				SWIFT_ACTIVE_COMPILATION_CONDITIONS = DEBUG;
				SWIFT_OPTIMIZATION_LEVEL = "-Onone";
			};
			name = Debug;
		};
		859C96972A810134008863F0 /* Release */ = {
			isa = XCBuildConfiguration;
			buildSettings = {
				ALWAYS_SEARCH_USER_PATHS = NO;
				CLANG_ANALYZER_NONNULL = YES;
				CLANG_ANALYZER_NUMBER_OBJECT_CONVERSION = YES_AGGRESSIVE;
				CLANG_CXX_LANGUAGE_STANDARD = "gnu++20";
				CLANG_ENABLE_MODULES = YES;
				CLANG_ENABLE_OBJC_ARC = YES;
				CLANG_ENABLE_OBJC_WEAK = YES;
				CLANG_WARN_BLOCK_CAPTURE_AUTORELEASING = YES;
				CLANG_WARN_BOOL_CONVERSION = YES;
				CLANG_WARN_COMMA = YES;
				CLANG_WARN_CONSTANT_CONVERSION = YES;
				CLANG_WARN_DEPRECATED_OBJC_IMPLEMENTATIONS = YES;
				CLANG_WARN_DIRECT_OBJC_ISA_USAGE = YES_ERROR;
				CLANG_WARN_DOCUMENTATION_COMMENTS = YES;
				CLANG_WARN_EMPTY_BODY = YES;
				CLANG_WARN_ENUM_CONVERSION = YES;
				CLANG_WARN_INFINITE_RECURSION = YES;
				CLANG_WARN_INT_CONVERSION = YES;
				CLANG_WARN_NON_LITERAL_NULL_CONVERSION = YES;
				CLANG_WARN_OBJC_IMPLICIT_RETAIN_SELF = YES;
				CLANG_WARN_OBJC_LITERAL_CONVERSION = YES;
				CLANG_WARN_OBJC_ROOT_CLASS = YES_ERROR;
				CLANG_WARN_QUOTED_INCLUDE_IN_FRAMEWORK_HEADER = YES;
				CLANG_WARN_RANGE_LOOP_ANALYSIS = YES;
				CLANG_WARN_STRICT_PROTOTYPES = YES;
				CLANG_WARN_SUSPICIOUS_MOVE = YES;
				CLANG_WARN_UNGUARDED_AVAILABILITY = YES_AGGRESSIVE;
				CLANG_WARN_UNREACHABLE_CODE = YES;
				CLANG_WARN__DUPLICATE_METHOD_MATCH = YES;
				COPY_PHASE_STRIP = NO;
				DEBUG_INFORMATION_FORMAT = "dwarf-with-dsym";
				ENABLE_NS_ASSERTIONS = NO;
				ENABLE_STRICT_OBJC_MSGSEND = YES;
				GCC_C_LANGUAGE_STANDARD = gnu11;
				GCC_NO_COMMON_BLOCKS = YES;
				GCC_WARN_64_TO_32_BIT_CONVERSION = YES;
				GCC_WARN_ABOUT_RETURN_TYPE = YES_ERROR;
				GCC_WARN_UNDECLARED_SELECTOR = YES;
				GCC_WARN_UNINITIALIZED_AUTOS = YES_AGGRESSIVE;
				GCC_WARN_UNUSED_FUNCTION = YES;
				GCC_WARN_UNUSED_VARIABLE = YES;
				IPHONEOS_DEPLOYMENT_TARGET = 16.2;
				MTL_ENABLE_DEBUG_INFO = NO;
				MTL_FAST_MATH = YES;
				SDKROOT = iphoneos;
				SWIFT_COMPILATION_MODE = wholemodule;
				SWIFT_OPTIMIZATION_LEVEL = "-O";
				VALIDATE_PRODUCT = YES;
			};
			name = Release;
		};
		859C96992A810134008863F0 /* Debug */ = {
			isa = XCBuildConfiguration;
			baseConfigurationReference = AA6774DFEEC7C4539E1FE1F6 /* Pods-ToDo list.debug.xcconfig */;
			buildSettings = {
				ASSETCATALOG_COMPILER_APPICON_NAME = AppIcon;
				ASSETCATALOG_COMPILER_GLOBAL_ACCENT_COLOR_NAME = AccentColor;
				CODE_SIGN_STYLE = Automatic;
				CURRENT_PROJECT_VERSION = 1;
				DEVELOPMENT_TEAM = 3HV4TUBH4W;
				GENERATE_INFOPLIST_FILE = YES;
				INFOPLIST_FILE = "ToDo list/Info.plist";
				INFOPLIST_KEY_UIApplicationSupportsIndirectInputEvents = YES;
				INFOPLIST_KEY_UILaunchStoryboardName = LaunchScreen;
				INFOPLIST_KEY_UIMainStoryboardFile = Main;
				INFOPLIST_KEY_UISupportedInterfaceOrientations_iPad = "UIInterfaceOrientationPortrait UIInterfaceOrientationPortraitUpsideDown UIInterfaceOrientationLandscapeLeft UIInterfaceOrientationLandscapeRight";
				INFOPLIST_KEY_UISupportedInterfaceOrientations_iPhone = "UIInterfaceOrientationPortrait UIInterfaceOrientationLandscapeLeft UIInterfaceOrientationLandscapeRight";
				LD_RUNPATH_SEARCH_PATHS = (
					"$(inherited)",
					"@executable_path/Frameworks",
				);
				MARKETING_VERSION = 1.0;
				PRODUCT_BUNDLE_IDENTIFIER = "com-junadeveloper.ToDo-list";
				PRODUCT_NAME = "$(TARGET_NAME)";
				SWIFT_EMIT_LOC_STRINGS = YES;
				SWIFT_VERSION = 5.0;
				TARGETED_DEVICE_FAMILY = "1,2";
			};
			name = Debug;
		};
		859C969A2A810134008863F0 /* Release */ = {
			isa = XCBuildConfiguration;
			baseConfigurationReference = 7336C5F20FFCB855F17C2877 /* Pods-ToDo list.release.xcconfig */;
			buildSettings = {
				ASSETCATALOG_COMPILER_APPICON_NAME = AppIcon;
				ASSETCATALOG_COMPILER_GLOBAL_ACCENT_COLOR_NAME = AccentColor;
				CODE_SIGN_STYLE = Automatic;
				CURRENT_PROJECT_VERSION = 1;
				DEVELOPMENT_TEAM = 3HV4TUBH4W;
				GENERATE_INFOPLIST_FILE = YES;
				INFOPLIST_FILE = "ToDo list/Info.plist";
				INFOPLIST_KEY_UIApplicationSupportsIndirectInputEvents = YES;
				INFOPLIST_KEY_UILaunchStoryboardName = LaunchScreen;
				INFOPLIST_KEY_UIMainStoryboardFile = Main;
				INFOPLIST_KEY_UISupportedInterfaceOrientations_iPad = "UIInterfaceOrientationPortrait UIInterfaceOrientationPortraitUpsideDown UIInterfaceOrientationLandscapeLeft UIInterfaceOrientationLandscapeRight";
				INFOPLIST_KEY_UISupportedInterfaceOrientations_iPhone = "UIInterfaceOrientationPortrait UIInterfaceOrientationLandscapeLeft UIInterfaceOrientationLandscapeRight";
				LD_RUNPATH_SEARCH_PATHS = (
					"$(inherited)",
					"@executable_path/Frameworks",
				);
				MARKETING_VERSION = 1.0;
				PRODUCT_BUNDLE_IDENTIFIER = "com-junadeveloper.ToDo-list";
				PRODUCT_NAME = "$(TARGET_NAME)";
				SWIFT_EMIT_LOC_STRINGS = YES;
				SWIFT_VERSION = 5.0;
				TARGETED_DEVICE_FAMILY = "1,2";
			};
			name = Release;
		};
/* End XCBuildConfiguration section */

/* Begin XCConfigurationList section */
		859C967C2A810133008863F0 /* Build configuration list for PBXProject "ToDo list" */ = {
			isa = XCConfigurationList;
			buildConfigurations = (
				859C96962A810134008863F0 /* Debug */,
				859C96972A810134008863F0 /* Release */,
			);
			defaultConfigurationIsVisible = 0;
			defaultConfigurationName = Release;
		};
		859C96982A810134008863F0 /* Build configuration list for PBXNativeTarget "ToDo list" */ = {
			isa = XCConfigurationList;
			buildConfigurations = (
				859C96992A810134008863F0 /* Debug */,
				859C969A2A810134008863F0 /* Release */,
			);
			defaultConfigurationIsVisible = 0;
			defaultConfigurationName = Release;
		};
/* End XCConfigurationList section */

/* Begin XCRemoteSwiftPackageReference section */
		857FDD882AB1EBFB00E5E838 /* XCRemoteSwiftPackageReference "SwipeCellKit" */ = {
			isa = XCRemoteSwiftPackageReference;
			repositoryURL = "https://github.com/SwipeCellKit/SwipeCellKit.git";
			requirement = {
				kind = upToNextMajorVersion;
				minimumVersion = 2.7.1;
			};
		};
/* End XCRemoteSwiftPackageReference section */

/* Begin XCSwiftPackageProductDependency section */
		857FDD892AB1EBFB00E5E838 /* SwipeCellKit */ = {
			isa = XCSwiftPackageProductDependency;
			package = 857FDD882AB1EBFB00E5E838 /* XCRemoteSwiftPackageReference "SwipeCellKit" */;
			productName = SwipeCellKit;
		};
/* End XCSwiftPackageProductDependency section */
	};
	rootObject = 859C96792A810133008863F0 /* Project object */;
}
